# This file is automatically @generated by Cargo.
# It is not intended for manual editing.
version = 4

[[package]]
name = "capture"
version = "0.1.0"

[[package]]
name = "core"
version = "0.1.0"

[[package]]
name = "detect"
version = "0.1.0"

[[package]]
name = "probe"
version = "0.1.0"

[[package]]
name = "tui"
version = "0.1.0"
